// !$*UTF8*$!
{
	archiveVersion = 1;
	classes = {
	};
	objectVersion = 46;
	objects = {

/* Begin PBXBuildFile section */
		5C0AC8781D344D740008BC0B /* AppDelegate.swift in Sources */ = {isa = PBXBuildFile; fileRef = 5C0AC8771D344D740008BC0B /* AppDelegate.swift */; };
		5C0AC87A1D344D740008BC0B /* ViewController.swift in Sources */ = {isa = PBXBuildFile; fileRef = 5C0AC8791D344D740008BC0B /* ViewController.swift */; };
		5C0AC87D1D344D740008BC0B /* Main.storyboard in Resources */ = {isa = PBXBuildFile; fileRef = 5C0AC87B1D344D740008BC0B /* Main.storyboard */; };
		5C0AC87F1D344D740008BC0B /* Assets.xcassets in Resources */ = {isa = PBXBuildFile; fileRef = 5C0AC87E1D344D740008BC0B /* Assets.xcassets */; };
		5C0AC8821D344D740008BC0B /* LaunchScreen.storyboard in Resources */ = {isa = PBXBuildFile; fileRef = 5C0AC8801D344D740008BC0B /* LaunchScreen.storyboard */; };
		5C9C30391D35A454001F04D3 /* Minecraft.ttf in Resources */ = {isa = PBXBuildFile; fileRef = 5C9C30381D35A454001F04D3 /* Minecraft.ttf */; };
		5C9C303D1D35A461001F04D3 /* attack.wav in Resources */ = {isa = PBXBuildFile; fileRef = 5C9C303A1D35A461001F04D3 /* attack.wav */; };
		5C9C303E1D35A461001F04D3 /* death.wav in Resources */ = {isa = PBXBuildFile; fileRef = 5C9C303B1D35A461001F04D3 /* death.wav */; };
		5C9C303F1D35A461001F04D3 /* menuMusic.mp3 in Resources */ = {isa = PBXBuildFile; fileRef = 5C9C303C1D35A461001F04D3 /* menuMusic.mp3 */; };
/* End PBXBuildFile section */

/* Begin PBXFileReference section */
		5C0AC8741D344D730008BC0B /* RPG OOP II.app */ = {isa = PBXFileReference; explicitFileType = wrapper.application; includeInIndex = 0; path = "RPG OOP II.app"; sourceTree = BUILT_PRODUCTS_DIR; };
		5C0AC8771D344D740008BC0B /* AppDelegate.swift */ = {isa = PBXFileReference; lastKnownFileType = sourcecode.swift; path = AppDelegate.swift; sourceTree = "<group>"; };
		5C0AC8791D344D740008BC0B /* ViewController.swift */ = {isa = PBXFileReference; lastKnownFileType = sourcecode.swift; path = ViewController.swift; sourceTree = "<group>"; };
		5C0AC87C1D344D740008BC0B /* Base */ = {isa = PBXFileReference; lastKnownFileType = file.storyboard; name = Base; path = Base.lproj/Main.storyboard; sourceTree = "<group>"; };
		5C0AC87E1D344D740008BC0B /* Assets.xcassets */ = {isa = PBXFileReference; lastKnownFileType = folder.assetcatalog; path = Assets.xcassets; sourceTree = "<group>"; };
		5C0AC8811D344D740008BC0B /* Base */ = {isa = PBXFileReference; lastKnownFileType = file.storyboard; name = Base; path = Base.lproj/LaunchScreen.storyboard; sourceTree = "<group>"; };
		5C0AC8831D344D740008BC0B /* Info.plist */ = {isa = PBXFileReference; lastKnownFileType = text.plist.xml; path = Info.plist; sourceTree = "<group>"; };
		5C9C30381D35A454001F04D3 /* Minecraft.ttf */ = {isa = PBXFileReference; lastKnownFileType = file; path = Minecraft.ttf; sourceTree = "<group>"; };
		5C9C303A1D35A461001F04D3 /* attack.wav */ = {isa = PBXFileReference; lastKnownFileType = audio.wav; path = attack.wav; sourceTree = "<group>"; };
		5C9C303B1D35A461001F04D3 /* death.wav */ = {isa = PBXFileReference; lastKnownFileType = audio.wav; path = death.wav; sourceTree = "<group>"; };
		5C9C303C1D35A461001F04D3 /* menuMusic.mp3 */ = {isa = PBXFileReference; lastKnownFileType = audio.mp3; path = menuMusic.mp3; sourceTree = "<group>"; };
/* End PBXFileReference section */

/* Begin PBXFrameworksBuildPhase section */
		5C0AC8711D344D720008BC0B /* Frameworks */ = {
			isa = PBXFrameworksBuildPhase;
			buildActionMask = 2147483647;
			files = (
			);
			runOnlyForDeploymentPostprocessing = 0;
		};
/* End PBXFrameworksBuildPhase section */

/* Begin PBXGroup section */
		5C0AC86B1D344D720008BC0B = {
			isa = PBXGroup;
			children = (
				5C0AC8761D344D730008BC0B /* RPG OOP II */,
				5C0AC8751D344D730008BC0B /* Products */,
			);
			sourceTree = "<group>";
		};
		5C0AC8751D344D730008BC0B /* Products */ = {
			isa = PBXGroup;
			children = (
				5C0AC8741D344D730008BC0B /* RPG OOP II.app */,
			);
			name = Products;
			sourceTree = "<group>";
		};
		5C0AC8761D344D730008BC0B /* RPG OOP II */ = {
			isa = PBXGroup;
			children = (
				5C9C303A1D35A461001F04D3 /* attack.wav */,
				5C9C303B1D35A461001F04D3 /* death.wav */,
				5C9C303C1D35A461001F04D3 /* menuMusic.mp3 */,
				5C9C30381D35A454001F04D3 /* Minecraft.ttf */,
				5C0AC8771D344D740008BC0B /* AppDelegate.swift */,
				5C0AC8791D344D740008BC0B /* ViewController.swift */,
				5C0AC87B1D344D740008BC0B /* Main.storyboard */,
				5C0AC87E1D344D740008BC0B /* Assets.xcassets */,
				5C0AC8801D344D740008BC0B /* LaunchScreen.storyboard */,
				5C0AC8831D344D740008BC0B /* Info.plist */,
			);
			path = "RPG OOP II";
			sourceTree = "<group>";
		};
/* End PBXGroup section */

/* Begin PBXNativeTarget section */
		5C0AC8731D344D720008BC0B /* RPG OOP II */ = {
			isa = PBXNativeTarget;
			buildConfigurationList = 5C0AC8861D344D750008BC0B /* Build configuration list for PBXNativeTarget "RPG OOP II" */;
			buildPhases = (
				5C0AC8701D344D720008BC0B /* Sources */,
				5C0AC8711D344D720008BC0B /* Frameworks */,
				5C0AC8721D344D720008BC0B /* Resources */,
			);
			buildRules = (
			);
			dependencies = (
			);
			name = "RPG OOP II";
			productName = "RPG OOP II";
			productReference = 5C0AC8741D344D730008BC0B /* RPG OOP II.app */;
			productType = "com.apple.product-type.application";
		};
/* End PBXNativeTarget section */

/* Begin PBXProject section */
		5C0AC86C1D344D720008BC0B /* Project object */ = {
			isa = PBXProject;
			attributes = {
				LastSwiftUpdateCheck = 0730;
				LastUpgradeCheck = 0730;
				ORGANIZATIONNAME = Sibrian;
				TargetAttributes = {
					5C0AC8731D344D720008BC0B = {
						CreatedOnToolsVersion = 7.3.1;
						DevelopmentTeam = PJ82DV53L8;
					};
				};
			};
			buildConfigurationList = 5C0AC86F1D344D720008BC0B /* Build configuration list for PBXProject "RPG OOP II" */;
			compatibilityVersion = "Xcode 3.2";
			developmentRegion = English;
			hasScannedForEncodings = 0;
			knownRegions = (
				en,
				Base,
			);
			mainGroup = 5C0AC86B1D344D720008BC0B;
			productRefGroup = 5C0AC8751D344D730008BC0B /* Products */;
			projectDirPath = "";
			projectRoot = "";
			targets = (
				5C0AC8731D344D720008BC0B /* RPG OOP II */,
			);
		};
/* End PBXProject section */

/* Begin PBXResourcesBuildPhase section */
		5C0AC8721D344D720008BC0B /* Resources */ = {
			isa = PBXResourcesBuildPhase;
			buildActionMask = 2147483647;
			files = (
				5C0AC8821D344D740008BC0B /* LaunchScreen.storyboard in Resources */,
				5C9C303E1D35A461001F04D3 /* death.wav in Resources */,
				5C0AC87F1D344D740008BC0B /* Assets.xcassets in Resources */,
				5C9C30391D35A454001F04D3 /* Minecraft.ttf in Resources */,
				5C9C303D1D35A461001F04D3 /* attack.wav in Resources */,
				5C0AC87D1D344D740008BC0B /* Main.storyboard in Resources */,
				5C9C303F1D35A461001F04D3 /* menuMusic.mp3 in Resources */,
			);
			runOnlyForDeploymentPostprocessing = 0;
		};
/* End PBXResourcesBuildPhase section */

/* Begin PBXSourcesBuildPhase section */
		5C0AC8701D344D720008BC0B /* Sources */ = {
			isa = PBXSourcesBuildPhase;
			buildActionMask = 2147483647;
			files = (
				5C0AC87A1D344D740008BC0B /* ViewController.swift in Sources */,
				5C0AC8781D344D740008BC0B /* AppDelegate.swift in Sources */,
			);
			runOnlyForDeploymentPostprocessing = 0;
		};
/* End PBXSourcesBuildPhase section */

/* Begin PBXVariantGroup section */
		5C0AC87B1D344D740008BC0B /* Main.storyboard */ = {
			isa = PBXVariantGroup;
			children = (
				5C0AC87C1D344D740008BC0B /* Base */,
			);
			name = Main.storyboard;
			sourceTree = "<group>";
		};
		5C0AC8801D344D740008BC0B /* LaunchScreen.storyboard */ = {
			isa = PBXVariantGroup;
			children = (
				5C0AC8811D344D740008BC0B /* Base */,
			);
			name = LaunchScreen.storyboard;
			sourceTree = "<group>";
		};
/* End PBXVariantGroup section */

/* Begin XCBuildConfiguration section */
		5C0AC8841D344D740008BC0B /* Debug */ = {
			isa = XCBuildConfiguration;
			buildSettings = {
				ALWAYS_SEARCH_USER_PATHS = NO;
				CLANG_ANALYZER_NONNULL = YES;
				CLANG_CXX_LANGUAGE_STANDARD = "gnu++0x";
				CLANG_CXX_LIBRARY = "libc++";
				CLANG_ENABLE_MODULES = YES;
				CLANG_ENABLE_OBJC_ARC = YES;
				CLANG_WARN_BOOL_CONVERSION = YES;
				CLANG_WARN_CONSTANT_CONVERSION = YES;
				CLANG_WARN_DIRECT_OBJC_ISA_USAGE = YES_ERROR;
				CLANG_WARN_EMPTY_BODY = YES;
				CLANG_WARN_ENUM_CONVERSION = YES;
				CLANG_WARN_INT_CONVERSION = YES;
				CLANG_WARN_OBJC_ROOT_CLASS = YES_ERROR;
				CLANG_WARN_UNREACHABLE_CODE = YES;
				CLANG_WARN__DUPLICATE_METHOD_MATCH = YES;
				"CODE_SIGN_IDENTITY[sdk=iphoneos*]" = "iPhone Developer";
				COPY_PHASE_STRIP = NO;
				DEBUG_INFORMATION_FORMAT = dwarf;
				ENABLE_STRICT_OBJC_MSGSEND = YES;
				ENABLE_TESTABILITY = YES;
				GCC_C_LANGUAGE_STANDARD = gnu99;
				GCC_DYNAMIC_NO_PIC = NO;
				GCC_NO_COMMON_BLOCKS = YES;
				GCC_OPTIMIZATION_LEVEL = 0;
				GCC_PREPROCESSOR_DEFINITIONS = (
					"DEBUG=1",
					"$(inherited)",
				);
				GCC_WARN_64_TO_32_BIT_CONVERSION = YES;
				GCC_WARN_ABOUT_RETURN_TYPE = YES_ERROR;
				GCC_WARN_UNDECLARED_SELECTOR = YES;
				GCC_WARN_UNINITIALIZED_AUTOS = YES_AGGRESSIVE;
				GCC_WARN_UNUSED_FUNCTION = YES;
				GCC_WARN_UNUSED_VARIABLE = YES;
				IPHONEOS_DEPLOYMENT_TARGET = 9.3;
				MTL_ENABLE_DEBUG_INFO = YES;
				ONLY_ACTIVE_ARCH = YES;
				SDKROOT = iphoneos;
				SWIFT_OPTIMIZATION_LEVEL = "-Onone";
				TARGETED_DEVICE_FAMILY = "1,2";
			};
			name = Debug;
		};
		5C0AC8851D344D740008BC0B /* Release */ = {
			isa = XCBuildConfiguration;
			buildSettings = {
				ALWAYS_SEARCH_USER_PATHS = NO;
				CLANG_ANALYZER_NONNULL = YES;
				CLANG_CXX_LANGUAGE_STANDARD = "gnu++0x";
				CLANG_CXX_LIBRARY = "libc++";
				CLANG_ENABLE_MODULES = YES;
				CLANG_ENABLE_OBJC_ARC = YES;
				CLANG_WARN_BOOL_CONVERSION = YES;
				CLANG_WARN_CONSTANT_CONVERSION = YES;
				CLANG_WARN_DIRECT_OBJC_ISA_USAGE = YES_ERROR;
				CLANG_WARN_EMPTY_BODY = YES;
				CLANG_WARN_ENUM_CONVERSION = YES;
				CLANG_WARN_INT_CONVERSION = YES;
				CLANG_WARN_OBJC_ROOT_CLASS = YES_ERROR;
				CLANG_WARN_UNREACHABLE_CODE = YES;
				CLANG_WARN__DUPLICATE_METHOD_MATCH = YES;
				"CODE_SIGN_IDENTITY[sdk=iphoneos*]" = "iPhone Developer";
				COPY_PHASE_STRIP = NO;
				DEBUG_INFORMATION_FORMAT = "dwarf-with-dsym";
				ENABLE_NS_ASSERTIONS = NO;
				ENABLE_STRICT_OBJC_MSGSEND = YES;
				GCC_C_LANGUAGE_STANDARD = gnu99;
				GCC_NO_COMMON_BLOCKS = YES;
				GCC_WARN_64_TO_32_BIT_CONVERSION = YES;
				GCC_WARN_ABOUT_RETURN_TYPE = YES_ERROR;
				GCC_WARN_UNDECLARED_SELECTOR = YES;
				GCC_WARN_UNINITIALIZED_AUTOS = YES_AGGRESSIVE;
				GCC_WARN_UNUSED_FUNCTION = YES;
				GCC_WARN_UNUSED_VARIABLE = YES;
				IPHONEOS_DEPLOYMENT_TARGET = 9.3;
				MTL_ENABLE_DEBUG_INFO = NO;
				SDKROOT = iphoneos;
				TARGETED_DEVICE_FAMILY = "1,2";
				VALIDATE_PRODUCT = YES;
			};
			name = Release;
		};
		5C0AC8871D344D750008BC0B /* Debug */ = {
			isa = XCBuildConfiguration;
			buildSettings = {
				ASSETCATALOG_COMPILER_APPICON_NAME = AppIcon;
				INFOPLIST_FILE = "RPG OOP II/Info.plist";
				LD_RUNPATH_SEARCH_PATHS = "$(inherited) @executable_path/Frameworks";
				PRODUCT_BUNDLE_IDENTIFIER = "com.majisy.RPG-OOP-II";
				PRODUCT_NAME = "$(TARGET_NAME)";
			};
			name = Debug;
		};
		5C0AC8881D344D750008BC0B /* Release */ = {
			isa = XCBuildConfiguration;
			buildSettings = {
				ASSETCATALOG_COMPILER_APPICON_NAME = AppIcon;
				INFOPLIST_FILE = "RPG OOP II/Info.plist";
				LD_RUNPATH_SEARCH_PATHS = "$(inherited) @executable_path/Frameworks";
				PRODUCT_BUNDLE_IDENTIFIER = "com.majisy.RPG-OOP-II";
				PRODUCT_NAME = "$(TARGET_NAME)";
			};
			name = Release;
		};
/* End XCBuildConfiguration section */

/* Begin XCConfigurationList section */
		5C0AC86F1D344D720008BC0B /* Build configuration list for PBXProject "RPG OOP II" */ = {
			isa = XCConfigurationList;
			buildConfigurations = (
				5C0AC8841D344D740008BC0B /* Debug */,
				5C0AC8851D344D740008BC0B /* Release */,
			);
			defaultConfigurationIsVisible = 0;
			defaultConfigurationName = Release;
		};
		5C0AC8861D344D750008BC0B /* Build configuration list for PBXNativeTarget "RPG OOP II" */ = {
			isa = XCConfigurationList;
			buildConfigurations = (
				5C0AC8871D344D750008BC0B /* Debug */,
				5C0AC8881D344D750008BC0B /* Release */,
			);
			defaultConfigurationIsVisible = 0;
			defaultConfigurationName = Release;
		};
/* End XCConfigurationList section */
	};
	rootObject = 5C0AC86C1D344D720008BC0B /* Project object */;
}
